{
  "name": "@dialectlabs/actions",
  "version": "0.0.0",
  "lockfileVersion": 1,
  "requires": true,
  "dependencies": {
    "@babel/runtime": {
      "version": "7.26.0",
      "resolved": "https://registry.npmjs.org/@babel/runtime/-/runtime-7.26.0.tgz",
      "integrity": "sha512-FDSOghenHTiToteC/QRlv2q3DhPZ/oOXTBoirfWNx1Cx3TMVcGWQtMMmQcSvb/JjpNeGzx8Pq/b4fKEJuWm1sw==",
      "requires": {
        "regenerator-runtime": "^0.14.0"
      }
    },
    "@bonfida/sns-records": {
      "version": "0.0.1",
      "resolved": "https://registry.npmjs.org/@bonfida/sns-records/-/sns-records-0.0.1.tgz",
      "integrity": "sha512-i28w9+BMFufhhpmLQCNx1CKKXTsEn+5RT18VFpPqdGO3sqaYlnUWC1m3wDpOvlzGk498dljgRpRo5wmcsnuEMg==",
      "requires": {
        "borsh": "1.0.0",
        "bs58": "5.0.0",
        "buffer": "^6.0.3"
      },
      "dependencies": {
        "borsh": {
          "version": "1.0.0",
          "resolved": "https://registry.npmjs.org/borsh/-/borsh-1.0.0.tgz",
          "integrity": "sha512-fSVWzzemnyfF89EPwlUNsrS5swF5CrtiN4e+h0/lLf4dz2he4L3ndM20PS9wj7ICSkXJe/TQUHdaPTq15b1mNQ=="
        }
      }
    },
    "@bonfida/spl-name-service": {
      "version": "3.0.7",
      "resolved": "https://registry.npmjs.org/@bonfida/spl-name-service/-/spl-name-service-3.0.7.tgz",
      "integrity": "sha512-okOLXhy+fQoyQ/sZgMleO5RrIZfTkWEoHMxWgUqg6RP/MTBlrKxlhKC6ymKn4UUe0C5s3Nb8A+3Ams7vX0nMDg==",
      "requires": {
        "@bonfida/sns-records": "0.0.1",
        "@noble/curves": "^1.4.0",
        "@scure/base": "^1.1.6",
        "@solana/spl-token": "0.4.6",
        "borsh": "2.0.0",
        "buffer": "^6.0.3",
        "graphemesplit": "^2.4.4",
        "ipaddr.js": "^2.2.0",
        "punycode": "^2.3.1"
      },
      "dependencies": {
        "borsh": {
          "version": "2.0.0",
          "resolved": "https://registry.npmjs.org/borsh/-/borsh-2.0.0.tgz",
          "integrity": "sha512-kc9+BgR3zz9+cjbwM8ODoUB4fs3X3I5A/HtX7LZKxCLaMrEeDFoBpnhZY//DTS1VZBSs6S5v46RZRbZjRFspEg=="
        }
      }
    },
    "@noble/curves": {
      "version": "1.7.0",
      "resolved": "https://registry.npmjs.org/@noble/curves/-/curves-1.7.0.tgz",
      "integrity": "sha512-UTMhXK9SeDhFJVrHeUJ5uZlI6ajXg10O6Ddocf9S6GjbSBVZsJo88HzKwXznNfGpMTRDyJkqMjNDPYgf0qFWnw==",
      "requires": {
        "@noble/hashes": "1.6.0"
      },
      "dependencies": {
        "@noble/hashes": {
          "version": "1.6.0",
          "resolved": "https://registry.npmjs.org/@noble/hashes/-/hashes-1.6.0.tgz",
          "integrity": "sha512-YUULf0Uk4/mAA89w+k3+yUYh6NrEvxZa5T6SY3wlMvE2chHkxFUUIDI8/XW1QSC357iA5pSnqt7XEhvFOqmDyQ=="
        }
      }
    },
    "@noble/hashes": {
      "version": "1.6.1",
      "resolved": "https://registry.npmjs.org/@noble/hashes/-/hashes-1.6.1.tgz",
      "integrity": "sha512-pq5D8h10hHBjyqX+cfBm0i8JUXJ0UhczFc4r74zbuT9XgewFo2E3J1cOaGtdZynILNmQ685YWGzGE1Zv6io50w=="
    },
    "@scure/base": {
      "version": "1.2.1",
      "resolved": "https://registry.npmjs.org/@scure/base/-/base-1.2.1.tgz",
      "integrity": "sha512-DGmGtC8Tt63J5GfHgfl5CuAXh96VF/LD8K9Hr/Gv0J2lAoRGlPOMpqMpMbCTOoOJMZCk2Xt+DskdDyn6dEFdzQ=="
    },
    "@solana/actions": {
      "version": "1.6.6",
      "resolved": "https://registry.npmjs.org/@solana/actions/-/actions-1.6.6.tgz",
      "integrity": "sha512-LkXsXr2NFVgo74ZO8WS1Vli68oJhFBvr7pwh6u6Zb//HJKoG8eHIz24E7Q9gBumWRkduLcLrqtpIgL5SbfO59g==",
      "requires": {
        "@solana/actions-spec": "^2.4.1",
        "@solana/qr-code-styling": "^1.6.0",
        "@solana/web3.js": "^1.61.0",
        "bs58": "^5.0.0",
        "cross-fetch": "^3.1.5",
        "js-base64": "^3.7.2",
        "tweetnacl": "^1.0.3"
      }
    },
    "@solana/actions-spec": {
      "version": "2.4.2",
      "resolved": "https://registry.npmjs.org/@solana/actions-spec/-/actions-spec-2.4.2.tgz",
      "integrity": "sha512-phdlA+JqIrsWw3rmhDynddv9/ZQONPqzYCpPoxN3VMR/2bECsdPWyBgLQpjqk4hgdn7VWQXWzEJtdeFMKxn78g=="
    },
    "@solana/buffer-layout": {
      "version": "4.0.1",
      "resolved": "https://registry.npmjs.org/@solana/buffer-layout/-/buffer-layout-4.0.1.tgz",
      "integrity": "sha512-E1ImOIAD1tBZFRdjeM4/pzTiTApC0AOBGwyAMS4fwIodCWArzJ3DWdoh8cKxeFM2fElkxBh2Aqts1BPC373rHA==",
      "requires": {
        "buffer": "~6.0.3"
      }
    },
    "@solana/buffer-layout-utils": {
      "version": "0.2.0",
      "resolved": "https://registry.npmjs.org/@solana/buffer-layout-utils/-/buffer-layout-utils-0.2.0.tgz",
      "integrity": "sha512-szG4sxgJGktbuZYDg2FfNmkMi0DYQoVjN2h7ta1W1hPrwzarcFLBq9UpX1UjNXsNpT9dn+chgprtWGioUAr4/g==",
      "requires": {
        "@solana/buffer-layout": "^4.0.0",
        "@solana/web3.js": "^1.32.0",
        "bigint-buffer": "^1.1.5",
        "bignumber.js": "^9.0.1"
      }
    },
    "@solana/codecs": {
      "version": "2.0.0-preview.2",
      "resolved": "https://registry.npmjs.org/@solana/codecs/-/codecs-2.0.0-preview.2.tgz",
      "integrity": "sha512-4HHzCD5+pOSmSB71X6w9ptweV48Zj1Vqhe732+pcAQ2cMNnN0gMPMdDq7j3YwaZDZ7yrILVV/3+HTnfT77t2yA==",
      "requires": {
        "@solana/codecs-core": "2.0.0-preview.2",
        "@solana/codecs-data-structures": "2.0.0-preview.2",
        "@solana/codecs-numbers": "2.0.0-preview.2",
        "@solana/codecs-strings": "2.0.0-preview.2",
        "@solana/options": "2.0.0-preview.2"
      }
    },
    "@solana/codecs-core": {
      "version": "2.0.0-preview.2",
      "resolved": "https://registry.npmjs.org/@solana/codecs-core/-/codecs-core-2.0.0-preview.2.tgz",
      "integrity": "sha512-gLhCJXieSCrAU7acUJjbXl+IbGnqovvxQLlimztPoGgfLQ1wFYu+XJswrEVQqknZYK1pgxpxH3rZ+OKFs0ndQg==",
      "requires": {
        "@solana/errors": "2.0.0-preview.2"
      }
    },
    "@solana/codecs-data-structures": {
      "version": "2.0.0-preview.2",
      "resolved": "https://registry.npmjs.org/@solana/codecs-data-structures/-/codecs-data-structures-2.0.0-preview.2.tgz",
      "integrity": "sha512-Xf5vIfromOZo94Q8HbR04TbgTwzigqrKII0GjYr21K7rb3nba4hUW2ir8kguY7HWFBcjHGlU5x3MevKBOLp3Zg==",
      "requires": {
        "@solana/codecs-core": "2.0.0-preview.2",
        "@solana/codecs-numbers": "2.0.0-preview.2",
        "@solana/errors": "2.0.0-preview.2"
      }
    },
    "@solana/codecs-numbers": {
      "version": "2.0.0-preview.2",
      "resolved": "https://registry.npmjs.org/@solana/codecs-numbers/-/codecs-numbers-2.0.0-preview.2.tgz",
      "integrity": "sha512-aLZnDTf43z4qOnpTcDsUVy1Ci9im1Md8thWipSWbE+WM9ojZAx528oAql+Cv8M8N+6ALKwgVRhPZkto6E59ARw==",
      "requires": {
        "@solana/codecs-core": "2.0.0-preview.2",
        "@solana/errors": "2.0.0-preview.2"
      }
    },
    "@solana/codecs-strings": {
      "version": "2.0.0-preview.2",
      "resolved": "https://registry.npmjs.org/@solana/codecs-strings/-/codecs-strings-2.0.0-preview.2.tgz",
      "integrity": "sha512-EgBwY+lIaHHgMJIqVOGHfIfpdmmUDNoNO/GAUGeFPf+q0dF+DtwhJPEMShhzh64X2MeCZcmSO6Kinx0Bvmmz2g==",
      "requires": {
        "@solana/codecs-core": "2.0.0-preview.2",
        "@solana/codecs-numbers": "2.0.0-preview.2",
        "@solana/errors": "2.0.0-preview.2"
      }
    },
    "@solana/errors": {
      "version": "2.0.0-preview.2",
      "resolved": "https://registry.npmjs.org/@solana/errors/-/errors-2.0.0-preview.2.tgz",
      "integrity": "sha512-H2DZ1l3iYF5Rp5pPbJpmmtCauWeQXRJapkDg8epQ8BJ7cA2Ut/QEtC3CMmw/iMTcuS6uemFNLcWvlOfoQhvQuA==",
      "requires": {
        "chalk": "^5.3.0",
        "commander": "^12.0.0"
      },
      "dependencies": {
        "commander": {
          "version": "12.1.0",
          "resolved": "https://registry.npmjs.org/commander/-/commander-12.1.0.tgz",
          "integrity": "sha512-Vw8qHK3bZM9y/P10u3Vib8o/DdkvA2OtPtZvD871QKjy74Wj1WSKFILMPRPSdUSx5RFK1arlJzEtA4PkFgnbuA=="
        }
      }
    },
    "@solana/options": {
      "version": "2.0.0-preview.2",
      "resolved": "https://registry.npmjs.org/@solana/options/-/options-2.0.0-preview.2.tgz",
      "integrity": "sha512-FAHqEeH0cVsUOTzjl5OfUBw2cyT8d5Oekx4xcn5hn+NyPAfQJgM3CEThzgRD6Q/4mM5pVUnND3oK/Mt1RzSE/w==",
      "requires": {
        "@solana/codecs-core": "2.0.0-preview.2",
        "@solana/codecs-numbers": "2.0.0-preview.2"
      }
    },
    "@solana/qr-code-styling": {
      "version": "1.6.0",
      "resolved": "https://registry.npmjs.org/@solana/qr-code-styling/-/qr-code-styling-1.6.0.tgz",
      "integrity": "sha512-KyBmyFKPxQPhUkP0jjnxV2ZeF1R1guTD8Hrd0YvHvMnhtrNEoEEdv4Jpp4W0GN4qCGG2KYOM5d3TgoLD+CNf9Q==",
      "requires": {
        "qrcode-generator": "^1.4.3"
      }
    },
    "@solana/spl-name-service": {
      "version": "0.2.1",
      "resolved": "https://registry.npmjs.org/@solana/spl-name-service/-/spl-name-service-0.2.1.tgz",
      "integrity": "sha512-NM1fSUiFbFVy9VLdSScFtDYZhkP/mXey5M1jB72quG3UXG697P7GTJGDllTLBuTm1Zuw/2fKKXAtpGOgVJTC7Q==",
      "requires": {
        "@solana/web3.js": "^1.91.6",
        "bn.js": "^5.1.3",
        "borsh": "^2.0.0"
      },
      "dependencies": {
        "borsh": {
          "version": "2.0.0",
          "resolved": "https://registry.npmjs.org/borsh/-/borsh-2.0.0.tgz",
          "integrity": "sha512-kc9+BgR3zz9+cjbwM8ODoUB4fs3X3I5A/HtX7LZKxCLaMrEeDFoBpnhZY//DTS1VZBSs6S5v46RZRbZjRFspEg=="
        }
      }
    },
    "@solana/spl-token": {
      "version": "0.4.6",
      "resolved": "https://registry.npmjs.org/@solana/spl-token/-/spl-token-0.4.6.tgz",
      "integrity": "sha512-1nCnUqfHVtdguFciVWaY/RKcQz1IF4b31jnKgAmjU9QVN1q7dRUkTEWJZgTYIEtsULjVnC9jRqlhgGN39WbKKA==",
      "requires": {
        "@solana/buffer-layout": "^4.0.0",
        "@solana/buffer-layout-utils": "^0.2.0",
        "@solana/spl-token-group": "^0.0.4",
        "@solana/spl-token-metadata": "^0.1.4",
        "buffer": "^6.0.3"
      }
    },
    "@solana/spl-token-group": {
      "version": "0.0.4",
      "resolved": "https://registry.npmjs.org/@solana/spl-token-group/-/spl-token-group-0.0.4.tgz",
      "integrity": "sha512-7+80nrEMdUKlK37V6kOe024+T7J4nNss0F8LQ9OOPYdWCCfJmsGUzVx2W3oeizZR4IHM6N4yC9v1Xqwc3BTPWw==",
      "requires": {
        "@solana/codecs": "2.0.0-preview.2",
        "@solana/spl-type-length-value": "0.1.0"
      }
    },
    "@solana/spl-token-metadata": {
      "version": "0.1.6",
      "resolved": "https://registry.npmjs.org/@solana/spl-token-metadata/-/spl-token-metadata-0.1.6.tgz",
      "integrity": "sha512-7sMt1rsm/zQOQcUWllQX9mD2O6KhSAtY1hFR2hfFwgqfFWzSY9E9GDvFVNYUI1F0iQKcm6HmePU9QbKRXTEBiA==",
      "requires": {
        "@solana/codecs": "2.0.0-rc.1"
      },
      "dependencies": {
        "@solana/codecs": {
          "version": "2.0.0-rc.1",
          "resolved": "https://registry.npmjs.org/@solana/codecs/-/codecs-2.0.0-rc.1.tgz",
          "integrity": "sha512-qxoR7VybNJixV51L0G1RD2boZTcxmwUWnKCaJJExQ5qNKwbpSyDdWfFJfM5JhGyKe9DnPVOZB+JHWXnpbZBqrQ==",
          "requires": {
            "@solana/codecs-core": "2.0.0-rc.1",
            "@solana/codecs-data-structures": "2.0.0-rc.1",
            "@solana/codecs-numbers": "2.0.0-rc.1",
            "@solana/codecs-strings": "2.0.0-rc.1",
            "@solana/options": "2.0.0-rc.1"
          }
        },
        "@solana/codecs-core": {
          "version": "2.0.0-rc.1",
          "resolved": "https://registry.npmjs.org/@solana/codecs-core/-/codecs-core-2.0.0-rc.1.tgz",
          "integrity": "sha512-bauxqMfSs8EHD0JKESaNmNuNvkvHSuN3bbWAF5RjOfDu2PugxHrvRebmYauvSumZ3cTfQ4HJJX6PG5rN852qyQ==",
          "requires": {
            "@solana/errors": "2.0.0-rc.1"
          }
        },
        "@solana/codecs-data-structures": {
          "version": "2.0.0-rc.1",
          "resolved": "https://registry.npmjs.org/@solana/codecs-data-structures/-/codecs-data-structures-2.0.0-rc.1.tgz",
          "integrity": "sha512-rinCv0RrAVJ9rE/rmaibWJQxMwC5lSaORSZuwjopSUE6T0nb/MVg6Z1siNCXhh/HFTOg0l8bNvZHgBcN/yvXog==",
          "requires": {
            "@solana/codecs-core": "2.0.0-rc.1",
            "@solana/codecs-numbers": "2.0.0-rc.1",
            "@solana/errors": "2.0.0-rc.1"
          }
        },
        "@solana/codecs-numbers": {
          "version": "2.0.0-rc.1",
          "resolved": "https://registry.npmjs.org/@solana/codecs-numbers/-/codecs-numbers-2.0.0-rc.1.tgz",
          "integrity": "sha512-J5i5mOkvukXn8E3Z7sGIPxsThRCgSdgTWJDQeZvucQ9PT6Y3HiVXJ0pcWiOWAoQ3RX8e/f4I3IC+wE6pZiJzDQ==",
          "requires": {
            "@solana/codecs-core": "2.0.0-rc.1",
            "@solana/errors": "2.0.0-rc.1"
          }
        },
        "@solana/codecs-strings": {
          "version": "2.0.0-rc.1",
          "resolved": "https://registry.npmjs.org/@solana/codecs-strings/-/codecs-strings-2.0.0-rc.1.tgz",
          "integrity": "sha512-9/wPhw8TbGRTt6mHC4Zz1RqOnuPTqq1Nb4EyuvpZ39GW6O2t2Q7Q0XxiB3+BdoEjwA2XgPw6e2iRfvYgqty44g==",
          "requires": {
            "@solana/codecs-core": "2.0.0-rc.1",
            "@solana/codecs-numbers": "2.0.0-rc.1",
            "@solana/errors": "2.0.0-rc.1"
          }
        },
        "@solana/errors": {
          "version": "2.0.0-rc.1",
          "resolved": "https://registry.npmjs.org/@solana/errors/-/errors-2.0.0-rc.1.tgz",
          "integrity": "sha512-ejNvQ2oJ7+bcFAYWj225lyRkHnixuAeb7RQCixm+5mH4n1IA4Qya/9Bmfy5RAAHQzxK43clu3kZmL5eF9VGtYQ==",
          "requires": {
            "chalk": "^5.3.0",
            "commander": "^12.1.0"
          }
        },
        "@solana/options": {
          "version": "2.0.0-rc.1",
          "resolved": "https://registry.npmjs.org/@solana/options/-/options-2.0.0-rc.1.tgz",
          "integrity": "sha512-mLUcR9mZ3qfHlmMnREdIFPf9dpMc/Bl66tLSOOWxw4ml5xMT2ohFn7WGqoKcu/UHkT9CrC6+amEdqCNvUqI7AA==",
          "requires": {
            "@solana/codecs-core": "2.0.0-rc.1",
            "@solana/codecs-data-structures": "2.0.0-rc.1",
            "@solana/codecs-numbers": "2.0.0-rc.1",
            "@solana/codecs-strings": "2.0.0-rc.1",
            "@solana/errors": "2.0.0-rc.1"
          }
        },
        "commander": {
          "version": "12.1.0",
          "resolved": "https://registry.npmjs.org/commander/-/commander-12.1.0.tgz",
          "integrity": "sha512-Vw8qHK3bZM9y/P10u3Vib8o/DdkvA2OtPtZvD871QKjy74Wj1WSKFILMPRPSdUSx5RFK1arlJzEtA4PkFgnbuA=="
        }
      }
    },
    "@solana/spl-type-length-value": {
      "version": "0.1.0",
      "resolved": "https://registry.npmjs.org/@solana/spl-type-length-value/-/spl-type-length-value-0.1.0.tgz",
      "integrity": "sha512-JBMGB0oR4lPttOZ5XiUGyvylwLQjt1CPJa6qQ5oM+MBCndfjz2TKKkw0eATlLLcYmq1jBVsNlJ2cD6ns2GR7lA==",
      "requires": {
        "buffer": "^6.0.3"
      }
    },
    "@solana/web3.js": {
      "version": "1.95.5",
      "resolved": "https://registry.npmjs.org/@solana/web3.js/-/web3.js-1.95.5.tgz",
      "integrity": "sha512-hU9cBrbg1z6gEjLH9vwIckGBVB78Ijm0iZFNk4ocm5OD82piPwuk3MeQ1rfiKD9YQtr95krrcaopb49EmQJlRg==",
      "requires": {
        "@babel/runtime": "^7.25.0",
        "@noble/curves": "^1.4.2",
        "@noble/hashes": "^1.4.0",
        "@solana/buffer-layout": "^4.0.1",
        "agentkeepalive": "^4.5.0",
        "bigint-buffer": "^1.1.5",
        "bn.js": "^5.2.1",
        "borsh": "^0.7.0",
        "bs58": "^4.0.1",
        "buffer": "6.0.3",
        "fast-stable-stringify": "^1.0.0",
        "jayson": "^4.1.1",
        "node-fetch": "^2.7.0",
        "rpc-websockets": "^9.0.2",
        "superstruct": "^2.0.2"
      },
      "dependencies": {
        "bs58": {
          "version": "4.0.1",
          "resolved": "https://registry.npmjs.org/bs58/-/bs58-4.0.1.tgz",
          "integrity": "sha512-Ok3Wdf5vOIlBrgCvTq96gBkJw+JUEzdBgyaza5HLtPm7yTHkjRy8+JzNyHF7BHa0bNWOQIp3m5YF0nnFcOIKLw==",
          "requires": {
            "base-x": "^3.0.2"
          }
        }
      }
    },
    "@swc/helpers": {
      "version": "0.5.15",
      "resolved": "https://registry.npmjs.org/@swc/helpers/-/helpers-0.5.15.tgz",
      "integrity": "sha512-JQ5TuMi45Owi4/BIMAJBoSQoOJu12oOk/gADqlcUL9JEdHB8vyjUSsxqeNXnmXHjYKMi2WcYtezGEEhqUI/E2g==",
      "requires": {
        "tslib": "^2.8.0"
      }
    },
    "@types/connect": {
      "version": "3.4.38",
      "resolved": "https://registry.npmjs.org/@types/connect/-/connect-3.4.38.tgz",
      "integrity": "sha512-K6uROf1LD88uDQqJCktA4yzL1YYAK6NgfsI0v/mTgyPKWsX1CnJ0XPSDhViejru1GcRkLWb8RlzFYJRqGUbaug==",
      "requires": {
        "@types/node": "*"
      },
      "dependencies": {
        "@types/node": {
          "version": "22.10.1",
          "resolved": "https://registry.npmjs.org/@types/node/-/node-22.10.1.tgz",
          "integrity": "sha512-qKgsUwfHZV2WCWLAnVP1JqnpE6Im6h3Y0+fYgMTasNQ7V++CBX5OT1as0g0f+OyubbFqhf6XVNIsmN4IIhEgGQ==",
          "requires": {
            "undici-types": "~6.20.0"
          }
        }
      }
    },
    "@types/uuid": {
      "version": "8.3.4",
      "resolved": "https://registry.npmjs.org/@types/uuid/-/uuid-8.3.4.tgz",
      "integrity": "sha512-c/I8ZRb51j+pYGAu5CrFMRxqZ2ke4y2grEBO5AUjgSkSk+qT2Ea+OdWElz/OiMf5MNpn2b17kuVBwZLQJXzihw=="
    },
    "@types/ws": {
      "version": "7.4.7",
      "resolved": "https://registry.npmjs.org/@types/ws/-/ws-7.4.7.tgz",
      "integrity": "sha512-JQbbmxZTZehdc2iszGKs5oC3NFnjeay7mtAWrdt7qNtAVK0g19muApzAy4bm9byz79xa2ZnO/BOBC2R8RC5Lww==",
      "requires": {
        "@types/node": "*"
      },
      "dependencies": {
        "@types/node": {
          "version": "22.10.1",
          "resolved": "https://registry.npmjs.org/@types/node/-/node-22.10.1.tgz",
          "integrity": "sha512-qKgsUwfHZV2WCWLAnVP1JqnpE6Im6h3Y0+fYgMTasNQ7V++CBX5OT1as0g0f+OyubbFqhf6XVNIsmN4IIhEgGQ==",
          "requires": {
            "undici-types": "~6.20.0"
          }
        }
      }
    },
    "JSONStream": {
      "version": "1.3.5",
      "resolved": "https://registry.npmjs.org/JSONStream/-/JSONStream-1.3.5.tgz",
      "integrity": "sha512-E+iruNOY8VV9s4JEbe1aNEm6MiszPRr/UfcHMz0TQh1BXSxHK+ASV1R6W4HpjBhSeS+54PIsAMCBmwD06LLsqQ==",
      "requires": {
        "jsonparse": "^1.2.0",
        "through": ">=2.2.7 <3"
      }
    },
    "agentkeepalive": {
      "version": "4.5.0",
      "resolved": "https://registry.npmjs.org/agentkeepalive/-/agentkeepalive-4.5.0.tgz",
      "integrity": "sha512-5GG/5IbQQpC9FpkRGsSvZI5QYeSCzlJHdpBQntCsuTOxhKD8lqKhrleg2Yi7yvMIf82Ycmmqln9U8V9qwEiJew==",
      "requires": {
        "humanize-ms": "^1.2.1"
      }
    },
    "base-x": {
      "version": "3.0.10",
      "resolved": "https://registry.npmjs.org/base-x/-/base-x-3.0.10.tgz",
      "integrity": "sha512-7d0s06rR9rYaIWHkpfLIFICM/tkSVdoPC9qYAQRpxn9DdKNWNsKC0uk++akckyLq16Tx2WIinnZ6WRriAt6njQ==",
      "requires": {
        "safe-buffer": "^5.0.1"
      }
    },
    "base64-js": {
      "version": "1.5.1",
      "resolved": "https://registry.npmjs.org/base64-js/-/base64-js-1.5.1.tgz",
      "integrity": "sha512-AKpaYlHn8t4SVbOHCy+b5+KKgvR4vrsD8vbvrbiQJps7fKDTkjkDry6ji0rUJjC0kzbNePLwzxq8iypo41qeWA=="
    },
    "bigint-buffer": {
      "version": "1.1.5",
      "resolved": "https://registry.npmjs.org/bigint-buffer/-/bigint-buffer-1.1.5.tgz",
      "integrity": "sha512-trfYco6AoZ+rKhKnxA0hgX0HAbVP/s808/EuDSe2JDzUnCp/xAsli35Orvk67UrTEcwuxZqYZDmfA2RXJgxVvA==",
      "requires": {
        "bindings": "^1.3.0"
      }
    },
    "bignumber.js": {
      "version": "9.1.2",
      "resolved": "https://registry.npmjs.org/bignumber.js/-/bignumber.js-9.1.2.tgz",
      "integrity": "sha512-2/mKyZH9K85bzOEfhXDBFZTGd1CTs+5IHpeFQo9luiBG7hghdC851Pj2WAhb6E3R6b9tZj/XKhbg4fum+Kepug=="
    },
    "bindings": {
      "version": "1.5.0",
      "resolved": "https://registry.npmjs.org/bindings/-/bindings-1.5.0.tgz",
      "integrity": "sha512-p2q/t/mhvuOj/UeLlV6566GD/guowlr0hHxClI0W9m7MWYkL1F0hLo+0Aexs9HSPCtR1SXQ0TD3MMKrXZajbiQ==",
      "requires": {
        "file-uri-to-path": "1.0.0"
      }
    },
    "bn.js": {
      "version": "5.2.1",
      "resolved": "https://registry.npmjs.org/bn.js/-/bn.js-5.2.1.tgz",
      "integrity": "sha512-eXRvHzWyYPBuB4NBy0cmYQjGitUrtqwbvlzP3G6VFnNRbsZQIxQ10PbKKHt8gZ/HW/D/747aDl+QkDqg3KQLMQ=="
    },
    "borsh": {
      "version": "0.7.0",
      "resolved": "https://registry.npmjs.org/borsh/-/borsh-0.7.0.tgz",
      "integrity": "sha512-CLCsZGIBCFnPtkNnieW/a8wmreDmfUtjU2m9yHrzPXIlNbqVs0AQrSatSG6vdNYUqdc83tkQi2eHfF98ubzQLA==",
      "requires": {
        "bn.js": "^5.2.0",
        "bs58": "^4.0.0",
        "text-encoding-utf-8": "^1.0.2"
      },
      "dependencies": {
        "bs58": {
          "version": "4.0.1",
          "resolved": "https://registry.npmjs.org/bs58/-/bs58-4.0.1.tgz",
          "integrity": "sha512-Ok3Wdf5vOIlBrgCvTq96gBkJw+JUEzdBgyaza5HLtPm7yTHkjRy8+JzNyHF7BHa0bNWOQIp3m5YF0nnFcOIKLw==",
          "requires": {
            "base-x": "^3.0.2"
          }
        }
      }
    },
    "bs58": {
      "version": "5.0.0",
      "resolved": "https://registry.npmjs.org/bs58/-/bs58-5.0.0.tgz",
      "integrity": "sha512-r+ihvQJvahgYT50JD05dyJNKlmmSlMoOGwn1lCcEzanPglg7TxYjioQUYehQ9mAR/+hOSd2jRc/Z2y5UxBymvQ==",
      "requires": {
        "base-x": "^4.0.0"
      },
      "dependencies": {
        "base-x": {
          "version": "4.0.0",
          "resolved": "https://registry.npmjs.org/base-x/-/base-x-4.0.0.tgz",
          "integrity": "sha512-FuwxlW4H5kh37X/oW59pwTzzTKRzfrrQwhmyspRM7swOEZcHtDZSCt45U6oKgtuFE+WYPblePMVIPR4RZrh/hw=="
        }
      }
    },
    "buffer": {
      "version": "6.0.3",
      "resolved": "https://registry.npmjs.org/buffer/-/buffer-6.0.3.tgz",
      "integrity": "sha512-FTiCpNxtwiZZHEZbcbTIcZjERVICn9yq/pDFkTl95/AxzD1naBctN7YO68riM/gLSDY7sdrMby8hofADYuuqOA==",
      "requires": {
        "base64-js": "^1.3.1",
        "ieee754": "^1.2.1"
      }
    },
    "bufferutil": {
      "version": "4.0.8",
      "resolved": "https://registry.npmjs.org/bufferutil/-/bufferutil-4.0.8.tgz",
      "integrity": "sha512-4T53u4PdgsXqKaIctwF8ifXlRTTmEPJ8iEPWFdGZvcf7sbwYo6FKFEX9eNNAnzFZ7EzJAQ3CJeOtCRA4rDp7Pw==",
      "optional": true,
      "requires": {
        "node-gyp-build": "^4.3.0"
      }
    },
    "chalk": {
      "version": "5.3.0",
      "resolved": "https://registry.npmjs.org/chalk/-/chalk-5.3.0.tgz",
      "integrity": "sha512-dLitG79d+GV1Nb/VYcCDFivJeK1hiukt9QjRNVOsUtTy1rR1YJsmpGGTZ3qJos+uw7WmWF4wUwBd9jxjocFC2w=="
    },
    "commander": {
      "version": "2.20.3",
      "resolved": "https://registry.npmjs.org/commander/-/commander-2.20.3.tgz",
      "integrity": "sha512-GpVkmM8vF2vQUkj2LvZmD35JxeJOLCwJ9cUkugyk2nuhbv3+mJvpLYYt+0+USMxE+oj+ey/lJEnhZw75x/OMcQ=="
    },
    "cross-fetch": {
      "version": "3.1.8",
      "resolved": "https://registry.npmjs.org/cross-fetch/-/cross-fetch-3.1.8.tgz",
      "integrity": "sha512-cvA+JwZoU0Xq+h6WkMvAUqPEYy92Obet6UdKLfW60qn99ftItKjB5T+BkyWOFWe2pUyfQ+IJHmpOTznqk1M6Kg==",
      "requires": {
        "node-fetch": "^2.6.12"
      }
    },
    "delay": {
      "version": "5.0.0",
      "resolved": "https://registry.npmjs.org/delay/-/delay-5.0.0.tgz",
      "integrity": "sha512-ReEBKkIfe4ya47wlPYf/gu5ib6yUG0/Aez0JQZQz94kiWtRQvZIQbTiehsnwHvLSWJnQdhVeqYue7Id1dKr0qw=="
    },
    "es6-promise": {
      "version": "4.2.8",
      "resolved": "https://registry.npmjs.org/es6-promise/-/es6-promise-4.2.8.tgz",
      "integrity": "sha512-HJDGx5daxeIvxdBxvG2cb9g4tEvwIk3i8+nhX0yGrYmZUzbkdg8QbDevheDB8gd0//uPj4c1EQua8Q+MViT0/w=="
    },
    "es6-promisify": {
      "version": "5.0.0",
      "resolved": "https://registry.npmjs.org/es6-promisify/-/es6-promisify-5.0.0.tgz",
      "integrity": "sha512-C+d6UdsYDk0lMebHNR4S2NybQMMngAOnOwYBQjTOiv0MkoJMP0Myw2mgpDLBcpfCmRLxyFqYhS/CfOENq4SJhQ==",
      "requires": {
        "es6-promise": "^4.0.3"
      }
    },
    "eventemitter3": {
      "version": "5.0.1",
      "resolved": "https://registry.npmjs.org/eventemitter3/-/eventemitter3-5.0.1.tgz",
      "integrity": "sha512-GWkBvjiSZK87ELrYOSESUYeVIc9mvLLf/nXalMOS5dYrgZq9o5OVkbZAVM06CVxYsCwH9BDZFPlQTlPA1j4ahA=="
    },
    "eyes": {
      "version": "0.1.8",
      "resolved": "https://registry.npmjs.org/eyes/-/eyes-0.1.8.tgz",
      "integrity": "sha512-GipyPsXO1anza0AOZdy69Im7hGFCNB7Y/NGjDlZGJ3GJJLtwNSb2vrzYrTYJRrRloVx7pl+bhUaTB8yiccPvFQ=="
    },
    "fast-stable-stringify": {
      "version": "1.0.0",
      "resolved": "https://registry.npmjs.org/fast-stable-stringify/-/fast-stable-stringify-1.0.0.tgz",
      "integrity": "sha512-wpYMUmFu5f00Sm0cj2pfivpmawLZ0NKdviQ4w9zJeR8JVtOpOxHmLaJuj0vxvGqMJQWyP/COUkF75/57OKyRag=="
    },
    "file-uri-to-path": {
      "version": "1.0.0",
      "resolved": "https://registry.npmjs.org/file-uri-to-path/-/file-uri-to-path-1.0.0.tgz",
      "integrity": "sha512-0Zt+s3L7Vf1biwWZ29aARiVYLx7iMGnEUl9x33fbB/j3jR81u/O2LbqK+Bm1CDSNDKVtJ/YjwY7TUd5SkeLQLw=="
    },
    "graphemesplit": {
      "version": "2.4.4",
      "resolved": "https://registry.npmjs.org/graphemesplit/-/graphemesplit-2.4.4.tgz",
      "integrity": "sha512-lKrpp1mk1NH26USxC/Asw4OHbhSQf5XfrWZ+CDv/dFVvd1j17kFgMotdJvOesmHkbFX9P9sBfpH8VogxOWLg8w==",
      "requires": {
        "js-base64": "^3.6.0",
        "unicode-trie": "^2.0.0"
      }
    },
    "humanize-ms": {
      "version": "1.2.1",
      "resolved": "https://registry.npmjs.org/humanize-ms/-/humanize-ms-1.2.1.tgz",
      "integrity": "sha512-Fl70vYtsAFb/C06PTS9dZBo7ihau+Tu/DNCk/OyHhea07S+aeMWpFFkUaXRa8fI+ScZbEI8dfSxwY7gxZ9SAVQ==",
      "requires": {
        "ms": "^2.0.0"
      }
    },
    "ieee754": {
      "version": "1.2.1",
      "resolved": "https://registry.npmjs.org/ieee754/-/ieee754-1.2.1.tgz",
      "integrity": "sha512-dcyqhDvX1C46lXZcVqCpK+FtMRQVdIMN6/Df5js2zouUsqG7I6sFxitIC+7KYK29KdXOLHdu9zL4sFnoVQnqaA=="
    },
    "ipaddr.js": {
      "version": "2.2.0",
      "resolved": "https://registry.npmjs.org/ipaddr.js/-/ipaddr.js-2.2.0.tgz",
      "integrity": "sha512-Ag3wB2o37wslZS19hZqorUnrnzSkpOVy+IiiDEiTqNubEYpYuHWIf6K4psgN2ZWKExS4xhVCrRVfb/wfW8fWJA=="
    },
    "isomorphic-ws": {
      "version": "4.0.1",
      "resolved": "https://registry.npmjs.org/isomorphic-ws/-/isomorphic-ws-4.0.1.tgz",
      "integrity": "sha512-BhBvN2MBpWTaSHdWRb/bwdZJ1WaehQ2L1KngkCkfLUGF0mAWAT1sQUQacEmQ0jXkFw/czDXPNQSL5u2/Krsz1w=="
    },
    "jayson": {
      "version": "4.1.3",
      "resolved": "https://registry.npmjs.org/jayson/-/jayson-4.1.3.tgz",
      "integrity": "sha512-LtXh5aYZodBZ9Fc3j6f2w+MTNcnxteMOrb+QgIouguGOulWi0lieEkOUg+HkjjFs0DGoWDds6bi4E9hpNFLulQ==",
      "requires": {
        "@types/connect": "^3.4.33",
        "@types/node": "^12.12.54",
        "@types/ws": "^7.4.4",
        "JSONStream": "^1.3.5",
        "commander": "^2.20.3",
        "delay": "^5.0.0",
        "es6-promisify": "^5.0.0",
        "eyes": "^0.1.8",
        "isomorphic-ws": "^4.0.1",
        "json-stringify-safe": "^5.0.1",
        "uuid": "^8.3.2",
        "ws": "^7.5.10"
      },
      "dependencies": {
        "@types/node": {
          "version": "12.20.55",
          "resolved": "https://registry.npmjs.org/@types/node/-/node-12.20.55.tgz",
          "integrity": "sha512-J8xLz7q2OFulZ2cyGTLE1TbbZcjpno7FaN6zdJNrgAdrJ+DZzh/uFR6YrTb4C+nXakvud8Q4+rbhoIWlYQbUFQ=="
        }
      }
    },
    "js-base64": {
      "version": "3.7.7",
      "resolved": "https://registry.npmjs.org/js-base64/-/js-base64-3.7.7.tgz",
      "integrity": "sha512-7rCnleh0z2CkXhH67J8K1Ytz0b2Y+yxTPL+/KOJoa20hfnVQ/3/T6W/KflYI4bRHRagNeXeU2bkNGI3v1oS/lw=="
    },
    "json-stringify-safe": {
      "version": "5.0.1",
      "resolved": "https://registry.npmjs.org/json-stringify-safe/-/json-stringify-safe-5.0.1.tgz",
      "integrity": "sha512-ZClg6AaYvamvYEE82d3Iyd3vSSIjQ+odgjaTzRuO3s7toCdFKczob2i0zCh7JE8kWn17yvAWhUVxvqGwUalsRA=="
    },
    "jsonparse": {
      "version": "1.3.1",
      "resolved": "https://registry.npmjs.org/jsonparse/-/jsonparse-1.3.1.tgz",
      "integrity": "sha512-POQXvpdL69+CluYsillJ7SUhKvytYjW9vG/GKpnf+xP8UWgYEM/RaMzHHofbALDiKbbP1W8UEYmgGl39WkPZsg=="
    },
    "ms": {
      "version": "2.1.3",
      "resolved": "https://registry.npmjs.org/ms/-/ms-2.1.3.tgz",
      "integrity": "sha512-6FlzubTLZG3J2a/NVCAleEhjzq5oxgHyaCU9yYXvcLsvoVaHJq/s5xXI6/XXP6tz7R9xAOtHnSO/tXtF3WRTlA=="
    },
    "node-fetch": {
      "version": "2.7.0",
      "resolved": "https://registry.npmjs.org/node-fetch/-/node-fetch-2.7.0.tgz",
      "integrity": "sha512-c4FRfUm/dbcWZ7U+1Wq0AwCyFL+3nt2bEw05wfxSz+DWpWsitgmSgYmy2dQdWyKC1694ELPqMs/YzUSNozLt8A==",
      "requires": {
        "whatwg-url": "^5.0.0"
      }
    },
    "node-gyp-build": {
      "version": "4.8.4",
      "resolved": "https://registry.npmjs.org/node-gyp-build/-/node-gyp-build-4.8.4.tgz",
      "integrity": "sha512-LA4ZjwlnUblHVgq0oBF3Jl/6h/Nvs5fzBLwdEF4nuxnFdsfajde4WfxtJr3CaiH+F6ewcIB/q4jQ4UzPyid+CQ==",
      "optional": true
    },
    "pako": {
      "version": "0.2.9",
      "resolved": "https://registry.npmjs.org/pako/-/pako-0.2.9.tgz",
      "integrity": "sha512-NUcwaKxUxWrZLpDG+z/xZaCgQITkA/Dv4V/T6bw7VON6l1Xz/VnrBqrYjZQ12TamKHzITTfOEIYUj48y2KXImA=="
    },
    "punycode": {
      "version": "2.3.1",
      "resolved": "https://registry.npmjs.org/punycode/-/punycode-2.3.1.tgz",
      "integrity": "sha512-vYt7UD1U9Wg6138shLtLOvdAu+8DsC/ilFtEVHcH+wydcSpNE20AfSOduf6MkRFahL5FY7X1oU7nKVZFtfq8Fg=="
    },
    "qrcode-generator": {
      "version": "1.4.4",
      "resolved": "https://registry.npmjs.org/qrcode-generator/-/qrcode-generator-1.4.4.tgz",
      "integrity": "sha512-HM7yY8O2ilqhmULxGMpcHSF1EhJJ9yBj8gvDEuZ6M+KGJ0YY2hKpnXvRD+hZPLrDVck3ExIGhmPtSdcjC+guuw=="
    },
    "regenerator-runtime": {
      "version": "0.14.1",
      "resolved": "https://registry.npmjs.org/regenerator-runtime/-/regenerator-runtime-0.14.1.tgz",
      "integrity": "sha512-dYnhHh0nJoMfnkZs6GmmhFknAGRrLznOu5nc9ML+EJxGvrx6H7teuevqVqCuPcPK//3eDrrjQhehXVx9cnkGdw=="
    },
    "rpc-websockets": {
      "version": "9.0.4",
      "resolved": "https://registry.npmjs.org/rpc-websockets/-/rpc-websockets-9.0.4.tgz",
      "integrity": "sha512-yWZWN0M+bivtoNLnaDbtny4XchdAIF5Q4g/ZsC5UC61Ckbp0QczwO8fg44rV3uYmY4WHd+EZQbn90W1d8ojzqQ==",
      "requires": {
        "@swc/helpers": "^0.5.11",
        "@types/uuid": "^8.3.4",
        "@types/ws": "^8.2.2",
        "buffer": "^6.0.3",
        "bufferutil": "^4.0.1",
        "eventemitter3": "^5.0.1",
        "utf-8-validate": "^5.0.2",
        "uuid": "^8.3.2",
        "ws": "^8.5.0"
      },
      "dependencies": {
        "@types/node": {
          "version": "22.10.1",
          "resolved": "https://registry.npmjs.org/@types/node/-/node-22.10.1.tgz",
          "integrity": "sha512-qKgsUwfHZV2WCWLAnVP1JqnpE6Im6h3Y0+fYgMTasNQ7V++CBX5OT1as0g0f+OyubbFqhf6XVNIsmN4IIhEgGQ==",
          "requires": {
            "undici-types": "~6.20.0"
          }
        },
        "@types/ws": {
          "version": "8.5.13",
          "resolved": "https://registry.npmjs.org/@types/ws/-/ws-8.5.13.tgz",
          "integrity": "sha512-osM/gWBTPKgHV8XkTunnegTRIsvF6owmf5w+JtAfOw472dptdm0dlGv4xCt6GwQRcC2XVOvvRE/0bAoQcL2QkA==",
          "requires": {
            "@types/node": "*"
          }
        },
        "ws": {
          "version": "8.18.0",
          "resolved": "https://registry.npmjs.org/ws/-/ws-8.18.0.tgz",
          "integrity": "sha512-8VbfWfHLbbwu3+N6OKsOMpBdT4kXPDDB9cJk2bJ6mh9ucxdlnNvH1e+roYkKmN9Nxw2yjz7VzeO9oOz2zJ04Pw=="
        }
      }
    },
    "safe-buffer": {
      "version": "5.2.1",
      "resolved": "https://registry.npmjs.org/safe-buffer/-/safe-buffer-5.2.1.tgz",
      "integrity": "sha512-rp3So07KcdmmKbGvgaNxQSJr7bGVSVk5S9Eq1F+ppbRo70+YeaDxkw5Dd8NPN+GD6bjnYm2VuPuCXmpuYvmCXQ=="
    },
    "superstruct": {
      "version": "2.0.2",
      "resolved": "https://registry.npmjs.org/superstruct/-/superstruct-2.0.2.tgz",
      "integrity": "sha512-uV+TFRZdXsqXTL2pRvujROjdZQ4RAlBUS5BTh9IGm+jTqQntYThciG/qu57Gs69yjnVUSqdxF9YLmSnpupBW9A=="
    },
    "text-encoding-utf-8": {
      "version": "1.0.2",
      "resolved": "https://registry.npmjs.org/text-encoding-utf-8/-/text-encoding-utf-8-1.0.2.tgz",
      "integrity": "sha512-8bw4MY9WjdsD2aMtO0OzOCY3pXGYNx2d2FfHRVUKkiCPDWjKuOlhLVASS+pD7VkLTVjW268LYJHwsnPFlBpbAg=="
    },
    "through": {
      "version": "2.3.8",
      "resolved": "https://registry.npmjs.org/through/-/through-2.3.8.tgz",
      "integrity": "sha512-w89qg7PI8wAdvX60bMDP+bFoD5Dvhm9oLheFp5O4a2QF0cSBGsBX4qZmadPMvVqlLJBBci+WqGGOAPvcDeNSVg=="
    },
    "tiny-inflate": {
      "version": "1.0.3",
      "resolved": "https://registry.npmjs.org/tiny-inflate/-/tiny-inflate-1.0.3.tgz",
      "integrity": "sha512-pkY1fj1cKHb2seWDy0B16HeWyczlJA9/WW3u3c4z/NiWDsO3DOU5D7nhTLE9CF0yXv/QZFY7sEJmj24dK+Rrqw=="
    },
    "tr46": {
      "version": "0.0.3",
      "resolved": "https://registry.npmjs.org/tr46/-/tr46-0.0.3.tgz",
      "integrity": "sha512-N3WMsuqV66lT30CrXNbEjx4GEwlow3v6rr4mCcv6prnfwhS01rkgyFdjPNBYd9br7LpXV1+Emh01fHnq2Gdgrw=="
    },
    "tslib": {
      "version": "2.8.1",
      "resolved": "https://registry.npmjs.org/tslib/-/tslib-2.8.1.tgz",
      "integrity": "sha512-oJFu94HQb+KVduSUQL7wnpmqnfmLsOA/nAh6b6EH0wCEoK0/mPeXU6c3wKDV83MkOuHPRHtSXKKU99IBazS/2w=="
    },
    "tweetnacl": {
      "version": "1.0.3",
      "resolved": "https://registry.npmjs.org/tweetnacl/-/tweetnacl-1.0.3.tgz",
      "integrity": "sha512-6rt+RN7aOi1nGMyC4Xa5DdYiukl2UWCbcJft7YhxReBGQD7OAM8Pbxw6YMo4r2diNEA8FEmu32YOn9rhaiE5yw=="
    },
    "undici-types": {
      "version": "6.20.0",
      "resolved": "https://registry.npmjs.org/undici-types/-/undici-types-6.20.0.tgz",
      "integrity": "sha512-Ny6QZ2Nju20vw1SRHe3d9jVu6gJ+4e3+MMpqu7pqE5HT6WsTSlce++GQmK5UXS8mzV8DSYHrQH+Xrf2jVcuKNg=="
    },
    "unicode-trie": {
      "version": "2.0.0",
      "resolved": "https://registry.npmjs.org/unicode-trie/-/unicode-trie-2.0.0.tgz",
      "integrity": "sha512-x7bc76x0bm4prf1VLg79uhAzKw8DVboClSN5VxJuQ+LKDOVEW9CdH+VY7SP+vX7xCYQqzzgQpFqz15zeLvAtZQ==",
      "requires": {
        "pako": "^0.2.5",
        "tiny-inflate": "^1.0.0"
      }
    },
    "utf-8-validate": {
      "version": "5.0.10",
      "resolved": "https://registry.npmjs.org/utf-8-validate/-/utf-8-validate-5.0.10.tgz",
      "integrity": "sha512-Z6czzLq4u8fPOyx7TU6X3dvUZVvoJmxSQ+IcrlmagKhilxlhZgxPK6C5Jqbkw1IDUmFTM+cz9QDnnLTwDz/2gQ==",
      "optional": true,
      "requires": {
        "node-gyp-build": "^4.3.0"
      }
    },
    "uuid": {
      "version": "8.3.2",
      "resolved": "https://registry.npmjs.org/uuid/-/uuid-8.3.2.tgz",
      "integrity": "sha512-+NYs2QeMWy+GWFOEm9xnn6HCDp0l7QBD7ml8zLUmJ+93Q5NF0NocErnwkTkXVFNiX3/fpC6afS8Dhb/gz7R7eg=="
    },
    "webidl-conversions": {
      "version": "3.0.1",
      "resolved": "https://registry.npmjs.org/webidl-conversions/-/webidl-conversions-3.0.1.tgz",
      "integrity": "sha512-2JAn3z8AR6rjK8Sm8orRC0h/bcl/DqL7tRPdGZ4I1CjdF+EaMLmYxBHyXuKL849eucPFhvBoxMsflfOb8kxaeQ=="
    },
    "whatwg-url": {
      "version": "5.0.0",
      "resolved": "https://registry.npmjs.org/whatwg-url/-/whatwg-url-5.0.0.tgz",
      "integrity": "sha512-saE57nupxk6v3HY35+jzBwYa0rKSy0XR8JSxZPwgLr7ys0IBzhGviA1/TUGJLmSVqs8pb9AnvICXEuOHLprYTw==",
      "requires": {
        "tr46": "~0.0.3",
        "webidl-conversions": "^3.0.0"
      }
    },
    "ws": {
      "version": "7.5.10",
      "resolved": "https://registry.npmjs.org/ws/-/ws-7.5.10.tgz",
      "integrity": "sha512-+dbF1tHwZpXcbOJdVOkzLDxZP1ailvSxM6ZweXTegylPny803bFhA+vqBYw4s31NSAk4S2Qz+AKXK9a4wkdjcQ=="
    }
  }
}
